Microsoft Visual Studio Solution File, Format Version 12.00
# Visual Studio Version 17
VisualStudioVersion = 17.5.2.0
MinimumVisualStudioVersion = 10.0.40219.1
Project("{FAE04EC0-301F-11D3-BF4B-00C04F79EFBC}") = "SalesDataModel", "SalesDataModel.csproj", "{53B032A2-0FF8-C2A5-A2B4-380CF549818E}"
EndProject
Global
	GlobalSection(SolutionConfigurationPlatforms) = preSolution
		Debug|Any CPU = Debug|Any CPU
		Release|Any CPU = Release|Any CPU
	EndGlobalSection
	GlobalSection(ProjectConfigurationPlatforms) = postSolution
		{53B032A2-0FF8-C2A5-A2B4-380CF549818E}.Debug|Any CPU.ActiveCfg = Debug|Any CPU
		{53B032A2-0FF8-C2A5-A2B4-380CF549818E}.Debug|Any CPU.Build.0 = Debug|Any CPU
		{53B032A2-0FF8-C2A5-A2B4-380CF549818E}.Release|Any CPU.ActiveCfg = Release|Any CPU
		{53B032A2-0FF8-C2A5-A2B4-380CF549818E}.Release|Any CPU.Build.0 = Release|Any CPU
	EndGlobalSection
	GlobalSection(SolutionProperties) = preSolution
		HideSolutionNode = FALSE
	EndGlobalSection
	GlobalSection(ExtensibilityGlobals) = postSolution
		SolutionGuid = {D99BD356-C687-4F9F-B18C-43ABF1B08ACC}
	EndGlobalSection
EndGlobal
